{
  "nodes": {
    "lazy-nvim": {
      "flake": false,
      "locked": {
        "lastModified": 1765971162,
        "narHash": "sha256-5A4kducPwKb5fKX4oSUFvo898P0dqfsqqLxFaXBsbQY=",
        "owner": "folke",
        "repo": "lazy.nvim",
        "rev": "306a05526ada86a7b30af95c5cc81ffba93fef97",
        "type": "github"
      },
      "original": {
        "owner": "folke",
        "repo": "lazy.nvim",
        "type": "github"
      }
    },
    "root": {
      "inputs": {
        "lazy-nvim": "lazy-nvim",
        "telescope-fzf-native-nvim": "telescope-fzf-native-nvim"
      }
    },
    "telescope-fzf-native-nvim": {
      "flake": false,
      "locked": {
        "lastModified": 1778077831,
        "narHash": "sha256-FMzAAkS/TgdINK/YuadHXikFcTYtgYeXcEL0jDvWKzk=",
        "owner": "nvim-telescope",
        "repo": "telescope-fzf-native.nvim",
        "rev": "b25b749b9db64d375d782094e2b9dce53ad53a40",
        "type": "github"
      },
      "original": {
        "owner": "nvim-telescope",
        "repo": "telescope-fzf-native.nvim",
        "type": "github"
      }
    }
  },
  "root": "root",
  "version": 7
}
